// !$*UTF8*$!
{
	archiveVersion = 1;
	classes = {
	};
	objectVersion = 52;
	objects = {

/* Begin PBXBuildFile section */
		F4CAA55326BBE95000EC84CF /* AppDelegate.swift in Sources */ = {isa = PBXBuildFile; fileRef = F4CAA55226BBE95000EC84CF /* AppDelegate.swift */; };
		F4CAA55526BBE95000EC84CF /* SceneDelegate.swift in Sources */ = {isa = PBXBuildFile; fileRef = F4CAA55426BBE95000EC84CF /* SceneDelegate.swift */; };
		F4CAA55726BBE95000EC84CF /* ViewController.swift in Sources */ = {isa = PBXBuildFile; fileRef = F4CAA55626BBE95000EC84CF /* ViewController.swift */; };
		F4CAA55A26BBE95000EC84CF /* Main.storyboard in Resources */ = {isa = PBXBuildFile; fileRef = F4CAA55826BBE95000EC84CF /* Main.storyboard */; };
		F4CAA55C26BBE95200EC84CF /* Assets.xcassets in Resources */ = {isa = PBXBuildFile; fileRef = F4CAA55B26BBE95200EC84CF /* Assets.xcassets */; };
		F4CAA55F26BBE95200EC84CF /* LaunchScreen.storyboard in Resources */ = {isa = PBXBuildFile; fileRef = F4CAA55D26BBE95200EC84CF /* LaunchScreen.storyboard */; };
		F4FDA3A226BC106700E4B0D1 /* APICall.swift in Sources */ = {isa = PBXBuildFile; fileRef = F4FDA3A126BC106700E4B0D1 /* APICall.swift */; };
		F4FDA3A426BC106F00E4B0D1 /* CryptoDataResponse.swift in Sources */ = {isa = PBXBuildFile; fileRef = F4FDA3A326BC106F00E4B0D1 /* CryptoDataResponse.swift */; };
		F4FDA3A626BC265800E4B0D1 /* CryptoDataModel.swift in Sources */ = {isa = PBXBuildFile; fileRef = F4FDA3A526BC265800E4B0D1 /* CryptoDataModel.swift */; };
		F4FDA3A826BC2D8500E4B0D1 /* NewsTableVC.swift in Sources */ = {isa = PBXBuildFile; fileRef = F4FDA3A726BC2D8500E4B0D1 /* NewsTableVC.swift */; };
		F4FDA3AB26BC2E7600E4B0D1 /* Alamofire in Frameworks */ = {isa = PBXBuildFile; productRef = F4FDA3AA26BC2E7600E4B0D1 /* Alamofire */; };
		F4FDA3AD26BC2F3800E4B0D1 /* RootViewModel.swift in Sources */ = {isa = PBXBuildFile; fileRef = F4FDA3AC26BC2F3800E4B0D1 /* RootViewModel.swift */; };
		F4FDA3B026BC933B00E4B0D1 /* RootTableViewCell.swift in Sources */ = {isa = PBXBuildFile; fileRef = F4FDA3AE26BC933B00E4B0D1 /* RootTableViewCell.swift */; };
		F4FDA3B126BC933B00E4B0D1 /* RootTableViewCell.xib in Resources */ = {isa = PBXBuildFile; fileRef = F4FDA3AF26BC933B00E4B0D1 /* RootTableViewCell.xib */; };
		F4FDA3B726BD38C000E4B0D1 /* NewsTableViewCell.swift in Sources */ = {isa = PBXBuildFile; fileRef = F4FDA3B526BD38C000E4B0D1 /* NewsTableViewCell.swift */; };
		F4FDA3B826BD38C000E4B0D1 /* NewsTableViewCell.xib in Resources */ = {isa = PBXBuildFile; fileRef = F4FDA3B626BD38C000E4B0D1 /* NewsTableViewCell.xib */; };
		F4FDA3BA26BD38CC00E4B0D1 /* NewsViewModel.swift in Sources */ = {isa = PBXBuildFile; fileRef = F4FDA3B926BD38CC00E4B0D1 /* NewsViewModel.swift */; };
		F4FDA3BC26BD9DD900E4B0D1 /* RootViewModelOutput.swift in Sources */ = {isa = PBXBuildFile; fileRef = F4FDA3BB26BD9DD900E4B0D1 /* RootViewModelOutput.swift */; };
		F4FDA3BE26BDA42500E4B0D1 /* NewsDataResponse.swift in Sources */ = {isa = PBXBuildFile; fileRef = F4FDA3BD26BDA42500E4B0D1 /* NewsDataResponse.swift */; };
		F4FDA3C026BDA42D00E4B0D1 /* NewsDataModel.swift in Sources */ = {isa = PBXBuildFile; fileRef = F4FDA3BF26BDA42D00E4B0D1 /* NewsDataModel.swift */; };
/* End PBXBuildFile section */

/* Begin PBXFileReference section */
		F4CAA54F26BBE95000EC84CF /* Toplist.app */ = {isa = PBXFileReference; explicitFileType = wrapper.application; includeInIndex = 0; path = Toplist.app; sourceTree = BUILT_PRODUCTS_DIR; };
		F4CAA55226BBE95000EC84CF /* AppDelegate.swift */ = {isa = PBXFileReference; lastKnownFileType = sourcecode.swift; path = AppDelegate.swift; sourceTree = "<group>"; };
		F4CAA55426BBE95000EC84CF /* SceneDelegate.swift */ = {isa = PBXFileReference; lastKnownFileType = sourcecode.swift; path = SceneDelegate.swift; sourceTree = "<group>"; };
		F4CAA55626BBE95000EC84CF /* ViewController.swift */ = {isa = PBXFileReference; lastKnownFileType = sourcecode.swift; path = ViewController.swift; sourceTree = "<group>"; };
		F4CAA55926BBE95000EC84CF /* Base */ = {isa = PBXFileReference; lastKnownFileType = file.storyboard; name = Base; path = Base.lproj/Main.storyboard; sourceTree = "<group>"; };
		F4CAA55B26BBE95200EC84CF /* Assets.xcassets */ = {isa = PBXFileReference; lastKnownFileType = folder.assetcatalog; path = Assets.xcassets; sourceTree = "<group>"; };
		F4CAA55E26BBE95200EC84CF /* Base */ = {isa = PBXFileReference; lastKnownFileType = file.storyboard; name = Base; path = Base.lproj/LaunchScreen.storyboard; sourceTree = "<group>"; };
		F4CAA56026BBE95200EC84CF /* Info.plist */ = {isa = PBXFileReference; lastKnownFileType = text.plist.xml; path = Info.plist; sourceTree = "<group>"; };
		F4FDA3A126BC106700E4B0D1 /* APICall.swift */ = {isa = PBXFileReference; lastKnownFileType = sourcecode.swift; path = APICall.swift; sourceTree = "<group>"; };
		F4FDA3A326BC106F00E4B0D1 /* CryptoDataResponse.swift */ = {isa = PBXFileReference; lastKnownFileType = sourcecode.swift; path = CryptoDataResponse.swift; sourceTree = "<group>"; };
		F4FDA3A526BC265800E4B0D1 /* CryptoDataModel.swift */ = {isa = PBXFileReference; lastKnownFileType = sourcecode.swift; path = CryptoDataModel.swift; sourceTree = "<group>"; };
		F4FDA3A726BC2D8500E4B0D1 /* NewsTableVC.swift */ = {isa = PBXFileReference; lastKnownFileType = sourcecode.swift; path = NewsTableVC.swift; sourceTree = "<group>"; };
		F4FDA3AC26BC2F3800E4B0D1 /* RootViewModel.swift */ = {isa = PBXFileReference; lastKnownFileType = sourcecode.swift; path = RootViewModel.swift; sourceTree = "<group>"; };
		F4FDA3AE26BC933B00E4B0D1 /* RootTableViewCell.swift */ = {isa = PBXFileReference; lastKnownFileType = sourcecode.swift; path = RootTableViewCell.swift; sourceTree = "<group>"; };
		F4FDA3AF26BC933B00E4B0D1 /* RootTableViewCell.xib */ = {isa = PBXFileReference; lastKnownFileType = file.xib; path = RootTableViewCell.xib; sourceTree = "<group>"; };
		F4FDA3B526BD38C000E4B0D1 /* NewsTableViewCell.swift */ = {isa = PBXFileReference; lastKnownFileType = sourcecode.swift; path = NewsTableViewCell.swift; sourceTree = "<group>"; };
		F4FDA3B626BD38C000E4B0D1 /* NewsTableViewCell.xib */ = {isa = PBXFileReference; lastKnownFileType = file.xib; path = NewsTableViewCell.xib; sourceTree = "<group>"; };
		F4FDA3B926BD38CC00E4B0D1 /* NewsViewModel.swift */ = {isa = PBXFileReference; lastKnownFileType = sourcecode.swift; path = NewsViewModel.swift; sourceTree = "<group>"; };
		F4FDA3BB26BD9DD900E4B0D1 /* RootViewModelOutput.swift */ = {isa = PBXFileReference; lastKnownFileType = sourcecode.swift; path = RootViewModelOutput.swift; sourceTree = "<group>"; };
		F4FDA3BD26BDA42500E4B0D1 /* NewsDataResponse.swift */ = {isa = PBXFileReference; lastKnownFileType = sourcecode.swift; path = NewsDataResponse.swift; sourceTree = "<group>"; };
		F4FDA3BF26BDA42D00E4B0D1 /* NewsDataModel.swift */ = {isa = PBXFileReference; lastKnownFileType = sourcecode.swift; path = NewsDataModel.swift; sourceTree = "<group>"; };
/* End PBXFileReference section */

/* Begin PBXFrameworksBuildPhase section */
		F4CAA54C26BBE95000EC84CF /* Frameworks */ = {
			isa = PBXFrameworksBuildPhase;
			buildActionMask = 2147483647;
			files = (
				F4FDA3AB26BC2E7600E4B0D1 /* Alamofire in Frameworks */,
			);
			runOnlyForDeploymentPostprocessing = 0;
		};
/* End PBXFrameworksBuildPhase section */

/* Begin PBXGroup section */
		F4CAA54626BBE94F00EC84CF = {
			isa = PBXGroup;
			children = (
				F4CAA55126BBE95000EC84CF /* Toplist */,
				F4CAA55026BBE95000EC84CF /* Products */,
			);
			sourceTree = "<group>";
		};
		F4CAA55026BBE95000EC84CF /* Products */ = {
			isa = PBXGroup;
			children = (
				F4CAA54F26BBE95000EC84CF /* Toplist.app */,
			);
			name = Products;
			sourceTree = "<group>";
		};
		F4CAA55126BBE95000EC84CF /* Toplist */ = {
			isa = PBXGroup;
			children = (
				F4CAA55226BBE95000EC84CF /* AppDelegate.swift */,
				F4CAA55426BBE95000EC84CF /* SceneDelegate.swift */,
				F4FDA39D26BC0FDD00E4B0D1 /* Networking */,
				F4FDA39E26BC0FE300E4B0D1 /* Model */,
				F4FDA39F26BC0FED00E4B0D1 /* View */,
				F4FDA3A026BC0FF600E4B0D1 /* ViewModel */,
				F4FDA39B26BC0FC800E4B0D1 /* Controller */,
				F4CAA55826BBE95000EC84CF /* Main.storyboard */,
				F4CAA55B26BBE95200EC84CF /* Assets.xcassets */,
				F4CAA55D26BBE95200EC84CF /* LaunchScreen.storyboard */,
				F4CAA56026BBE95200EC84CF /* Info.plist */,
			);
			path = Toplist;
			sourceTree = "<group>";
		};
		F4FDA39B26BC0FC800E4B0D1 /* Controller */ = {
			isa = PBXGroup;
			children = (
				F4CAA55626BBE95000EC84CF /* ViewController.swift */,
				F4FDA3A726BC2D8500E4B0D1 /* NewsTableVC.swift */,
			);
			path = Controller;
			sourceTree = "<group>";
		};
		F4FDA39D26BC0FDD00E4B0D1 /* Networking */ = {
			isa = PBXGroup;
			children = (
				F4FDA3A126BC106700E4B0D1 /* APICall.swift */,
			);
			path = Networking;
			sourceTree = "<group>";
		};
		F4FDA39E26BC0FE300E4B0D1 /* Model */ = {
			isa = PBXGroup;
			children = (
				F4FDA3A326BC106F00E4B0D1 /* CryptoDataResponse.swift */,
				F4FDA3A526BC265800E4B0D1 /* CryptoDataModel.swift */,
				F4FDA3BD26BDA42500E4B0D1 /* NewsDataResponse.swift */,
				F4FDA3BF26BDA42D00E4B0D1 /* NewsDataModel.swift */,
			);
			path = Model;
			sourceTree = "<group>";
		};
		F4FDA39F26BC0FED00E4B0D1 /* View */ = {
			isa = PBXGroup;
			children = (
				F4FDA3AE26BC933B00E4B0D1 /* RootTableViewCell.swift */,
				F4FDA3AF26BC933B00E4B0D1 /* RootTableViewCell.xib */,
				F4FDA3B526BD38C000E4B0D1 /* NewsTableViewCell.swift */,
				F4FDA3B626BD38C000E4B0D1 /* NewsTableViewCell.xib */,
			);
			path = View;
			sourceTree = "<group>";
		};
		F4FDA3A026BC0FF600E4B0D1 /* ViewModel */ = {
			isa = PBXGroup;
			children = (
				F4FDA3AC26BC2F3800E4B0D1 /* RootViewModel.swift */,
				F4FDA3B926BD38CC00E4B0D1 /* NewsViewModel.swift */,
				F4FDA3BB26BD9DD900E4B0D1 /* RootViewModelOutput.swift */,
			);
			path = ViewModel;
			sourceTree = "<group>";
		};
/* End PBXGroup section */

/* Begin PBXNativeTarget section */
		F4CAA54E26BBE95000EC84CF /* Toplist */ = {
			isa = PBXNativeTarget;
			buildConfigurationList = F4CAA56326BBE95200EC84CF /* Build configuration list for PBXNativeTarget "Toplist" */;
			buildPhases = (
				F4CAA54B26BBE95000EC84CF /* Sources */,
				F4CAA54C26BBE95000EC84CF /* Frameworks */,
				F4CAA54D26BBE95000EC84CF /* Resources */,
			);
			buildRules = (
			);
			dependencies = (
			);
			name = Toplist;
			packageProductDependencies = (
				F4FDA3AA26BC2E7600E4B0D1 /* Alamofire */,
			);
			productName = Toplist;
			productReference = F4CAA54F26BBE95000EC84CF /* Toplist.app */;
			productType = "com.apple.product-type.application";
		};
/* End PBXNativeTarget section */

/* Begin PBXProject section */
		F4CAA54726BBE94F00EC84CF /* Project object */ = {
			isa = PBXProject;
			attributes = {
				LastSwiftUpdateCheck = 1250;
				LastUpgradeCheck = 1250;
				TargetAttributes = {
					F4CAA54E26BBE95000EC84CF = {
						CreatedOnToolsVersion = 12.5.1;
					};
				};
			};
			buildConfigurationList = F4CAA54A26BBE94F00EC84CF /* Build configuration list for PBXProject "Toplist" */;
			compatibilityVersion = "Xcode 9.3";
			developmentRegion = en;
			hasScannedForEncodings = 0;
			knownRegions = (
				en,
				Base,
			);
			mainGroup = F4CAA54626BBE94F00EC84CF;
			packageReferences = (
				F4FDA3A926BC2E7600E4B0D1 /* XCRemoteSwiftPackageReference "Alamofire" */,
			);
			productRefGroup = F4CAA55026BBE95000EC84CF /* Products */;
			projectDirPath = "";
			projectRoot = "";
			targets = (
				F4CAA54E26BBE95000EC84CF /* Toplist */,
			);
		};
/* End PBXProject section */

/* Begin PBXResourcesBuildPhase section */
		F4CAA54D26BBE95000EC84CF /* Resources */ = {
			isa = PBXResourcesBuildPhase;
			buildActionMask = 2147483647;
			files = (
				F4CAA55F26BBE95200EC84CF /* LaunchScreen.storyboard in Resources */,
				F4FDA3B126BC933B00E4B0D1 /* RootTableViewCell.xib in Resources */,
				F4CAA55C26BBE95200EC84CF /* Assets.xcassets in Resources */,
				F4CAA55A26BBE95000EC84CF /* Main.storyboard in Resources */,
				F4FDA3B826BD38C000E4B0D1 /* NewsTableViewCell.xib in Resources */,
			);
			runOnlyForDeploymentPostprocessing = 0;
		};
/* End PBXResourcesBuildPhase section */

/* Begin PBXSourcesBuildPhase section */
		F4CAA54B26BBE95000EC84CF /* Sources */ = {
			isa = PBXSourcesBuildPhase;
			buildActionMask = 2147483647;
			files = (
				F4FDA3B026BC933B00E4B0D1 /* RootTableViewCell.swift in Sources */,
				F4CAA55726BBE95000EC84CF /* ViewController.swift in Sources */,
				F4FDA3B726BD38C000E4B0D1 /* NewsTableViewCell.swift in Sources */,
				F4CAA55326BBE95000EC84CF /* AppDelegate.swift in Sources */,
				F4FDA3A626BC265800E4B0D1 /* CryptoDataModel.swift in Sources */,
				F4FDA3BC26BD9DD900E4B0D1 /* RootViewModelOutput.swift in Sources */,
				F4FDA3C026BDA42D00E4B0D1 /* NewsDataModel.swift in Sources */,
				F4FDA3BE26BDA42500E4B0D1 /* NewsDataResponse.swift in Sources */,
				F4FDA3A226BC106700E4B0D1 /* APICall.swift in Sources */,
				F4FDA3BA26BD38CC00E4B0D1 /* NewsViewModel.swift in Sources */,
				F4CAA55526BBE95000EC84CF /* SceneDelegate.swift in Sources */,
				F4FDA3A426BC106F00E4B0D1 /* CryptoDataResponse.swift in Sources */,
				F4FDA3AD26BC2F3800E4B0D1 /* RootViewModel.swift in Sources */,
				F4FDA3A826BC2D8500E4B0D1 /* NewsTableVC.swift in Sources */,
			);
			runOnlyForDeploymentPostprocessing = 0;
		};
/* End PBXSourcesBuildPhase section */

/* Begin PBXVariantGroup section */
		F4CAA55826BBE95000EC84CF /* Main.storyboard */ = {
			isa = PBXVariantGroup;
			children = (
				F4CAA55926BBE95000EC84CF /* Base */,
			);
			name = Main.storyboard;
			sourceTree = "<group>";
		};
		F4CAA55D26BBE95200EC84CF /* LaunchScreen.storyboard */ = {
			isa = PBXVariantGroup;
			children = (
				F4CAA55E26BBE95200EC84CF /* Base */,
			);
			name = LaunchScreen.storyboard;
			sourceTree = "<group>";
		};
/* End PBXVariantGroup section */

/* Begin XCBuildConfiguration section */
		F4CAA56126BBE95200EC84CF /* Debug */ = {
			isa = XCBuildConfiguration;
			buildSettings = {
				ALWAYS_SEARCH_USER_PATHS = NO;
				CLANG_ANALYZER_NONNULL = YES;
				CLANG_ANALYZER_NUMBER_OBJECT_CONVERSION = YES_AGGRESSIVE;
				CLANG_CXX_LANGUAGE_STANDARD = "gnu++14";
				CLANG_CXX_LIBRARY = "libc++";
				CLANG_ENABLE_MODULES = YES;
				CLANG_ENABLE_OBJC_ARC = YES;
				CLANG_ENABLE_OBJC_WEAK = YES;
				CLANG_WARN_BLOCK_CAPTURE_AUTORELEASING = YES;
				CLANG_WARN_BOOL_CONVERSION = YES;
				CLANG_WARN_COMMA = YES;
				CLANG_WARN_CONSTANT_CONVERSION = YES;
				CLANG_WARN_DEPRECATED_OBJC_IMPLEMENTATIONS = YES;
				CLANG_WARN_DIRECT_OBJC_ISA_USAGE = YES_ERROR;
				CLANG_WARN_DOCUMENTATION_COMMENTS = YES;
				CLANG_WARN_EMPTY_BODY = YES;
				CLANG_WARN_ENUM_CONVERSION = YES;
				CLANG_WARN_INFINITE_RECURSION = YES;
				CLANG_WARN_INT_CONVERSION = YES;
				CLANG_WARN_NON_LITERAL_NULL_CONVERSION = YES;
				CLANG_WARN_OBJC_IMPLICIT_RETAIN_SELF = YES;
				CLANG_WARN_OBJC_LITERAL_CONVERSION = YES;
				CLANG_WARN_OBJC_ROOT_CLASS = YES_ERROR;
				CLANG_WARN_QUOTED_INCLUDE_IN_FRAMEWORK_HEADER = YES;
				CLANG_WARN_RANGE_LOOP_ANALYSIS = YES;
				CLANG_WARN_STRICT_PROTOTYPES = YES;
				CLANG_WARN_SUSPICIOUS_MOVE = YES;
				CLANG_WARN_UNGUARDED_AVAILABILITY = YES_AGGRESSIVE;
				CLANG_WARN_UNREACHABLE_CODE = YES;
				CLANG_WARN__DUPLICATE_METHOD_MATCH = YES;
				COPY_PHASE_STRIP = NO;
				DEBUG_INFORMATION_FORMAT = dwarf;
				ENABLE_STRICT_OBJC_MSGSEND = YES;
				ENABLE_TESTABILITY = YES;
				GCC_C_LANGUAGE_STANDARD = gnu11;
				GCC_DYNAMIC_NO_PIC = NO;
				GCC_NO_COMMON_BLOCKS = YES;
				GCC_OPTIMIZATION_LEVEL = 0;
				GCC_PREPROCESSOR_DEFINITIONS = (
					"DEBUG=1",
					"$(inherited)",
				);
				GCC_WARN_64_TO_32_BIT_CONVERSION = YES;
				GCC_WARN_ABOUT_RETURN_TYPE = YES_ERROR;
				GCC_WARN_UNDECLARED_SELECTOR = YES;
				GCC_WARN_UNINITIALIZED_AUTOS = YES_AGGRESSIVE;
				GCC_WARN_UNUSED_FUNCTION = YES;
				GCC_WARN_UNUSED_VARIABLE = YES;
				IPHONEOS_DEPLOYMENT_TARGET = 13.0;
				MTL_ENABLE_DEBUG_INFO = INCLUDE_SOURCE;
				MTL_FAST_MATH = YES;
				ONLY_ACTIVE_ARCH = YES;
				SDKROOT = iphoneos;
				SWIFT_ACTIVE_COMPILATION_CONDITIONS = DEBUG;
				SWIFT_OPTIMIZATION_LEVEL = "-Onone";
			};
			name = Debug;
		};
		F4CAA56226BBE95200EC84CF /* Release */ = {
			isa = XCBuildConfiguration;
			buildSettings = {
				ALWAYS_SEARCH_USER_PATHS = NO;
				CLANG_ANALYZER_NONNULL = YES;
				CLANG_ANALYZER_NUMBER_OBJECT_CONVERSION = YES_AGGRESSIVE;
				CLANG_CXX_LANGUAGE_STANDARD = "gnu++14";
				CLANG_CXX_LIBRARY = "libc++";
				CLANG_ENABLE_MODULES = YES;
				CLANG_ENABLE_OBJC_ARC = YES;
				CLANG_ENABLE_OBJC_WEAK = YES;
				CLANG_WARN_BLOCK_CAPTURE_AUTORELEASING = YES;
				CLANG_WARN_BOOL_CONVERSION = YES;
				CLANG_WARN_COMMA = YES;
				CLANG_WARN_CONSTANT_CONVERSION = YES;
				CLANG_WARN_DEPRECATED_OBJC_IMPLEMENTATIONS = YES;
				CLANG_WARN_DIRECT_OBJC_ISA_USAGE = YES_ERROR;
				CLANG_WARN_DOCUMENTATION_COMMENTS = YES;
				CLANG_WARN_EMPTY_BODY = YES;
				CLANG_WARN_ENUM_CONVERSION = YES;
				CLANG_WARN_INFINITE_RECURSION = YES;
				CLANG_WARN_INT_CONVERSION = YES;
				CLANG_WARN_NON_LITERAL_NULL_CONVERSION = YES;
				CLANG_WARN_OBJC_IMPLICIT_RETAIN_SELF = YES;
				CLANG_WARN_OBJC_LITERAL_CONVERSION = YES;
				CLANG_WARN_OBJC_ROOT_CLASS = YES_ERROR;
				CLANG_WARN_QUOTED_INCLUDE_IN_FRAMEWORK_HEADER = YES;
				CLANG_WARN_RANGE_LOOP_ANALYSIS = YES;
				CLANG_WARN_STRICT_PROTOTYPES = YES;
				CLANG_WARN_SUSPICIOUS_MOVE = YES;
				CLANG_WARN_UNGUARDED_AVAILABILITY = YES_AGGRESSIVE;
				CLANG_WARN_UNREACHABLE_CODE = YES;
				CLANG_WARN__DUPLICATE_METHOD_MATCH = YES;
				COPY_PHASE_STRIP = NO;
				DEBUG_INFORMATION_FORMAT = "dwarf-with-dsym";
				ENABLE_NS_ASSERTIONS = NO;
				ENABLE_STRICT_OBJC_MSGSEND = YES;
				GCC_C_LANGUAGE_STANDARD = gnu11;
				GCC_NO_COMMON_BLOCKS = YES;
				GCC_WARN_64_TO_32_BIT_CONVERSION = YES;
				GCC_WARN_ABOUT_RETURN_TYPE = YES_ERROR;
				GCC_WARN_UNDECLARED_SELECTOR = YES;
				GCC_WARN_UNINITIALIZED_AUTOS = YES_AGGRESSIVE;
				GCC_WARN_UNUSED_FUNCTION = YES;
				GCC_WARN_UNUSED_VARIABLE = YES;
				IPHONEOS_DEPLOYMENT_TARGET = 13.0;
				MTL_ENABLE_DEBUG_INFO = NO;
				MTL_FAST_MATH = YES;
				SDKROOT = iphoneos;
				SWIFT_COMPILATION_MODE = wholemodule;
				SWIFT_OPTIMIZATION_LEVEL = "-O";
				VALIDATE_PRODUCT = YES;
			};
			name = Release;
		};
		F4CAA56426BBE95200EC84CF /* Debug */ = {
			isa = XCBuildConfiguration;
			buildSettings = {
				ASSETCATALOG_COMPILER_APPICON_NAME = AppIcon;
				ASSETCATALOG_COMPILER_GLOBAL_ACCENT_COLOR_NAME = AccentColor;
				CODE_SIGN_STYLE = Automatic;
				DEVELOPMENT_TEAM = 26SCPNUJUC;
				INFOPLIST_FILE = Toplist/Info.plist;
				LD_RUNPATH_SEARCH_PATHS = (
					"$(inherited)",
					"@executable_path/Frameworks",
				);
				PRODUCT_BUNDLE_IDENTIFIER = co.stockbit.bibit.toplist.Toplist;
				PRODUCT_NAME = "$(TARGET_NAME)";
				SWIFT_VERSION = 5.0;
				TARGETED_DEVICE_FAMILY = "1,2";
			};
			name = Debug;
		};
		F4CAA56526BBE95200EC84CF /* Release */ = {
			isa = XCBuildConfiguration;
			buildSettings = {
				ASSETCATALOG_COMPILER_APPICON_NAME = AppIcon;
				ASSETCATALOG_COMPILER_GLOBAL_ACCENT_COLOR_NAME = AccentColor;
				CODE_SIGN_STYLE = Automatic;
				DEVELOPMENT_TEAM = 26SCPNUJUC;
				INFOPLIST_FILE = Toplist/Info.plist;
				LD_RUNPATH_SEARCH_PATHS = (
					"$(inherited)",
					"@executable_path/Frameworks",
				);
				PRODUCT_BUNDLE_IDENTIFIER = co.stockbit.bibit.toplist.Toplist;
				PRODUCT_NAME = "$(TARGET_NAME)";
				SWIFT_VERSION = 5.0;
				TARGETED_DEVICE_FAMILY = "1,2";
			};
			name = Release;
		};
/* End XCBuildConfiguration section */

/* Begin XCConfigurationList section */
		F4CAA54A26BBE94F00EC84CF /* Build configuration list for PBXProject "Toplist" */ = {
			isa = XCConfigurationList;
			buildConfigurations = (
				F4CAA56126BBE95200EC84CF /* Debug */,
				F4CAA56226BBE95200EC84CF /* Release */,
			);
			defaultConfigurationIsVisible = 0;
			defaultConfigurationName = Release;
		};
		F4CAA56326BBE95200EC84CF /* Build configuration list for PBXNativeTarget "Toplist" */ = {
			isa = XCConfigurationList;
			buildConfigurations = (
				F4CAA56426BBE95200EC84CF /* Debug */,
				F4CAA56526BBE95200EC84CF /* Release */,
			);
			defaultConfigurationIsVisible = 0;
			defaultConfigurationName = Release;
		};
/* End XCConfigurationList section */

/* Begin XCRemoteSwiftPackageReference section */
		F4FDA3A926BC2E7600E4B0D1 /* XCRemoteSwiftPackageReference "Alamofire" */ = {
			isa = XCRemoteSwiftPackageReference;
			repositoryURL = "https://github.com/Alamofire/Alamofire.git";
			requirement = {
				kind = upToNextMajorVersion;
				minimumVersion = 5.4.3;
			};
		};
/* End XCRemoteSwiftPackageReference section */

/* Begin XCSwiftPackageProductDependency section */
		F4FDA3AA26BC2E7600E4B0D1 /* Alamofire */ = {
			isa = XCSwiftPackageProductDependency;
			package = F4FDA3A926BC2E7600E4B0D1 /* XCRemoteSwiftPackageReference "Alamofire" */;
			productName = Alamofire;
		};
/* End XCSwiftPackageProductDependency section */
	};
	rootObject = F4CAA54726BBE94F00EC84CF /* Project object */;
}
